// !$*UTF8*$!
{
	archiveVersion = 1;
	classes = {
	};
	objectVersion = 50;
	objects = {

/* Begin PBXBuildFile section */
		CF3EDAB825C3080A00D16CCF /* HomeVC.swift in Sources */ = {isa = PBXBuildFile; fileRef = CF3EDAB725C3080900D16CCF /* HomeVC.swift */; };
		CF3EDABD25C30D3400D16CCF /* HomeCell.swift in Sources */ = {isa = PBXBuildFile; fileRef = CF3EDABC25C30D3400D16CCF /* HomeCell.swift */; };
		CF3EDAC525C3215300D16CCF /* Survey1VC.swift in Sources */ = {isa = PBXBuildFile; fileRef = CF3EDAC425C3215300D16CCF /* Survey1VC.swift */; };
		CF3EDACA25C3222000D16CCF /* Survey3VC.swift in Sources */ = {isa = PBXBuildFile; fileRef = CF3EDAC925C3222000D16CCF /* Survey3VC.swift */; };
		CF3EDACF25C33F3A00D16CCF /* Product.swift in Sources */ = {isa = PBXBuildFile; fileRef = CF3EDACE25C33F3A00D16CCF /* Product.swift */; };
		CF3EDAD425C3409400D16CCF /* Products.swift in Sources */ = {isa = PBXBuildFile; fileRef = CF3EDAD325C3409400D16CCF /* Products.swift */; };
		CF3EDAE425C357D900D16CCF /* products.json in Resources */ = {isa = PBXBuildFile; fileRef = CF3EDAE325C357D900D16CCF /* products.json */; };
		CF3EDAF325C370CC00D16CCF /* product8.png in Resources */ = {isa = PBXBuildFile; fileRef = CF3EDAE925C370CC00D16CCF /* product8.png */; };
		CF3EDAF425C370CC00D16CCF /* product9.png in Resources */ = {isa = PBXBuildFile; fileRef = CF3EDAEA25C370CC00D16CCF /* product9.png */; };
		CF3EDAF525C370CC00D16CCF /* product10.png in Resources */ = {isa = PBXBuildFile; fileRef = CF3EDAEB25C370CC00D16CCF /* product10.png */; };
		CF3EDAF625C370CC00D16CCF /* product2.png in Resources */ = {isa = PBXBuildFile; fileRef = CF3EDAEC25C370CC00D16CCF /* product2.png */; };
		CF3EDAF725C370CC00D16CCF /* product3.png in Resources */ = {isa = PBXBuildFile; fileRef = CF3EDAED25C370CC00D16CCF /* product3.png */; };
		CF3EDAF825C370CC00D16CCF /* product1.png in Resources */ = {isa = PBXBuildFile; fileRef = CF3EDAEE25C370CC00D16CCF /* product1.png */; };
		CF3EDAF925C370CC00D16CCF /* product4.png in Resources */ = {isa = PBXBuildFile; fileRef = CF3EDAEF25C370CC00D16CCF /* product4.png */; };
		CF3EDAFA25C370CC00D16CCF /* product5.png in Resources */ = {isa = PBXBuildFile; fileRef = CF3EDAF025C370CC00D16CCF /* product5.png */; };
		CF3EDAFB25C370CC00D16CCF /* product7.png in Resources */ = {isa = PBXBuildFile; fileRef = CF3EDAF125C370CC00D16CCF /* product7.png */; };
		CF3EDAFC25C370CC00D16CCF /* product6.png in Resources */ = {isa = PBXBuildFile; fileRef = CF3EDAF225C370CC00D16CCF /* product6.png */; };
		CFD40A6825C7B2230082EC0A /* ExploreVC.swift in Sources */ = {isa = PBXBuildFile; fileRef = CFD40A6725C7B2220082EC0A /* ExploreVC.swift */; };
		CFD40A6D25C7B2800082EC0A /* ExploreCell.swift in Sources */ = {isa = PBXBuildFile; fileRef = CFD40A6C25C7B2800082EC0A /* ExploreCell.swift */; };
		CFD40B1C25C7D4CA0082EC0A /* image8.jpg in Resources */ = {isa = PBXBuildFile; fileRef = CFD40B0825C7D4CA0082EC0A /* image8.jpg */; };
		CFD40B1D25C7D4CA0082EC0A /* image9.jpg in Resources */ = {isa = PBXBuildFile; fileRef = CFD40B0925C7D4CA0082EC0A /* image9.jpg */; };
		CFD40B1E25C7D4CA0082EC0A /* image14.jpg in Resources */ = {isa = PBXBuildFile; fileRef = CFD40B0A25C7D4CA0082EC0A /* image14.jpg */; };
		CFD40B1F25C7D4CA0082EC0A /* image15.jpg in Resources */ = {isa = PBXBuildFile; fileRef = CFD40B0B25C7D4CA0082EC0A /* image15.jpg */; };
		CFD40B2025C7D4CA0082EC0A /* image17.jpg in Resources */ = {isa = PBXBuildFile; fileRef = CFD40B0C25C7D4CA0082EC0A /* image17.jpg */; };
		CFD40B2125C7D4CA0082EC0A /* image16.jpg in Resources */ = {isa = PBXBuildFile; fileRef = CFD40B0D25C7D4CA0082EC0A /* image16.jpg */; };
		CFD40B2225C7D4CA0082EC0A /* image12.jpg in Resources */ = {isa = PBXBuildFile; fileRef = CFD40B0E25C7D4CA0082EC0A /* image12.jpg */; };
		CFD40B2325C7D4CA0082EC0A /* image13.jpg in Resources */ = {isa = PBXBuildFile; fileRef = CFD40B0F25C7D4CA0082EC0A /* image13.jpg */; };
		CFD40B2425C7D4CA0082EC0A /* image11.jpg in Resources */ = {isa = PBXBuildFile; fileRef = CFD40B1025C7D4CA0082EC0A /* image11.jpg */; };
		CFD40B2525C7D4CA0082EC0A /* image10.jpg in Resources */ = {isa = PBXBuildFile; fileRef = CFD40B1125C7D4CA0082EC0A /* image10.jpg */; };
		CFD40B2625C7D4CA0082EC0A /* image20.jpg in Resources */ = {isa = PBXBuildFile; fileRef = CFD40B1225C7D4CA0082EC0A /* image20.jpg */; };
		CFD40B2725C7D4CA0082EC0A /* image18.jpg in Resources */ = {isa = PBXBuildFile; fileRef = CFD40B1325C7D4CA0082EC0A /* image18.jpg */; };
		CFD40B2825C7D4CA0082EC0A /* image19.jpg in Resources */ = {isa = PBXBuildFile; fileRef = CFD40B1425C7D4CA0082EC0A /* image19.jpg */; };
		CFD40B2925C7D4CA0082EC0A /* image7.jpg in Resources */ = {isa = PBXBuildFile; fileRef = CFD40B1525C7D4CA0082EC0A /* image7.jpg */; };
		CFD40B2A25C7D4CA0082EC0A /* image6.jpg in Resources */ = {isa = PBXBuildFile; fileRef = CFD40B1625C7D4CA0082EC0A /* image6.jpg */; };
		CFD40B2B25C7D4CA0082EC0A /* image4.jpg in Resources */ = {isa = PBXBuildFile; fileRef = CFD40B1725C7D4CA0082EC0A /* image4.jpg */; };
		CFD40B2C25C7D4CA0082EC0A /* image5.jpg in Resources */ = {isa = PBXBuildFile; fileRef = CFD40B1825C7D4CA0082EC0A /* image5.jpg */; };
		CFD40B2D25C7D4CA0082EC0A /* image1.jpg in Resources */ = {isa = PBXBuildFile; fileRef = CFD40B1925C7D4CA0082EC0A /* image1.jpg */; };
		CFD40B2E25C7D4CA0082EC0A /* image2.jpg in Resources */ = {isa = PBXBuildFile; fileRef = CFD40B1A25C7D4CA0082EC0A /* image2.jpg */; };
		CFD40B2F25C7D4CA0082EC0A /* image3.jpg in Resources */ = {isa = PBXBuildFile; fileRef = CFD40B1B25C7D4CA0082EC0A /* image3.jpg */; };
		CFEBE87725C1E361004CC466 /* AppDelegate.swift in Sources */ = {isa = PBXBuildFile; fileRef = CFEBE87625C1E361004CC466 /* AppDelegate.swift */; };
		CFEBE87925C1E361004CC466 /* SceneDelegate.swift in Sources */ = {isa = PBXBuildFile; fileRef = CFEBE87825C1E361004CC466 /* SceneDelegate.swift */; };
		CFEBE87B25C1E361004CC466 /* MainVC.swift in Sources */ = {isa = PBXBuildFile; fileRef = CFEBE87A25C1E361004CC466 /* MainVC.swift */; };
		CFEBE87E25C1E361004CC466 /* Main.storyboard in Resources */ = {isa = PBXBuildFile; fileRef = CFEBE87C25C1E361004CC466 /* Main.storyboard */; };
		CFEBE88025C1E362004CC466 /* Assets.xcassets in Resources */ = {isa = PBXBuildFile; fileRef = CFEBE87F25C1E362004CC466 /* Assets.xcassets */; };
		CFEBE88325C1E362004CC466 /* LaunchScreen.storyboard in Resources */ = {isa = PBXBuildFile; fileRef = CFEBE88125C1E362004CC466 /* LaunchScreen.storyboard */; };
		CFEBE88E25C1E363004CC466 /* snipTests.swift in Sources */ = {isa = PBXBuildFile; fileRef = CFEBE88D25C1E363004CC466 /* snipTests.swift */; };
		CFEBE89925C1E363004CC466 /* snipUITests.swift in Sources */ = {isa = PBXBuildFile; fileRef = CFEBE89825C1E363004CC466 /* snipUITests.swift */; };
		CFEBE8AA25C1E727004CC466 /* SignUpVC.swift in Sources */ = {isa = PBXBuildFile; fileRef = CFEBE8A925C1E727004CC466 /* SignUpVC.swift */; };
		CFEBE8AF25C1E737004CC466 /* LoginVC.swift in Sources */ = {isa = PBXBuildFile; fileRef = CFEBE8AE25C1E737004CC466 /* LoginVC.swift */; };
/* End PBXBuildFile section */

/* Begin PBXContainerItemProxy section */
		CFEBE88A25C1E363004CC466 /* PBXContainerItemProxy */ = {
			isa = PBXContainerItemProxy;
			containerPortal = CFEBE86B25C1E361004CC466 /* Project object */;
			proxyType = 1;
			remoteGlobalIDString = CFEBE87225C1E361004CC466;
			remoteInfo = snip;
		};
		CFEBE89525C1E363004CC466 /* PBXContainerItemProxy */ = {
			isa = PBXContainerItemProxy;
			containerPortal = CFEBE86B25C1E361004CC466 /* Project object */;
			proxyType = 1;
			remoteGlobalIDString = CFEBE87225C1E361004CC466;
			remoteInfo = snip;
		};
/* End PBXContainerItemProxy section */

/* Begin PBXFileReference section */
		CF3EDAB725C3080900D16CCF /* HomeVC.swift */ = {isa = PBXFileReference; lastKnownFileType = sourcecode.swift; path = HomeVC.swift; sourceTree = "<group>"; };
		CF3EDABC25C30D3400D16CCF /* HomeCell.swift */ = {isa = PBXFileReference; lastKnownFileType = sourcecode.swift; path = HomeCell.swift; sourceTree = "<group>"; };
		CF3EDAC425C3215300D16CCF /* Survey1VC.swift */ = {isa = PBXFileReference; lastKnownFileType = sourcecode.swift; path = Survey1VC.swift; sourceTree = "<group>"; };
		CF3EDAC925C3222000D16CCF /* Survey3VC.swift */ = {isa = PBXFileReference; lastKnownFileType = sourcecode.swift; path = Survey3VC.swift; sourceTree = "<group>"; };
		CF3EDACE25C33F3A00D16CCF /* Product.swift */ = {isa = PBXFileReference; lastKnownFileType = sourcecode.swift; path = Product.swift; sourceTree = "<group>"; };
		CF3EDAD325C3409400D16CCF /* Products.swift */ = {isa = PBXFileReference; lastKnownFileType = sourcecode.swift; path = Products.swift; sourceTree = "<group>"; };
		CF3EDAE325C357D900D16CCF /* products.json */ = {isa = PBXFileReference; lastKnownFileType = text.json; path = products.json; sourceTree = "<group>"; };
		CF3EDAE925C370CC00D16CCF /* product8.png */ = {isa = PBXFileReference; lastKnownFileType = image.png; path = product8.png; sourceTree = "<group>"; };
		CF3EDAEA25C370CC00D16CCF /* product9.png */ = {isa = PBXFileReference; lastKnownFileType = image.png; path = product9.png; sourceTree = "<group>"; };
		CF3EDAEB25C370CC00D16CCF /* product10.png */ = {isa = PBXFileReference; lastKnownFileType = image.png; path = product10.png; sourceTree = "<group>"; };
		CF3EDAEC25C370CC00D16CCF /* product2.png */ = {isa = PBXFileReference; lastKnownFileType = image.png; path = product2.png; sourceTree = "<group>"; };
		CF3EDAED25C370CC00D16CCF /* product3.png */ = {isa = PBXFileReference; lastKnownFileType = image.png; path = product3.png; sourceTree = "<group>"; };
		CF3EDAEE25C370CC00D16CCF /* product1.png */ = {isa = PBXFileReference; lastKnownFileType = image.png; path = product1.png; sourceTree = "<group>"; };
		CF3EDAEF25C370CC00D16CCF /* product4.png */ = {isa = PBXFileReference; lastKnownFileType = image.png; path = product4.png; sourceTree = "<group>"; };
		CF3EDAF025C370CC00D16CCF /* product5.png */ = {isa = PBXFileReference; lastKnownFileType = image.png; path = product5.png; sourceTree = "<group>"; };
		CF3EDAF125C370CC00D16CCF /* product7.png */ = {isa = PBXFileReference; lastKnownFileType = image.png; path = product7.png; sourceTree = "<group>"; };
		CF3EDAF225C370CC00D16CCF /* product6.png */ = {isa = PBXFileReference; lastKnownFileType = image.png; path = product6.png; sourceTree = "<group>"; };
		CFD40A6725C7B2220082EC0A /* ExploreVC.swift */ = {isa = PBXFileReference; lastKnownFileType = sourcecode.swift; path = ExploreVC.swift; sourceTree = "<group>"; };
		CFD40A6C25C7B2800082EC0A /* ExploreCell.swift */ = {isa = PBXFileReference; lastKnownFileType = sourcecode.swift; path = ExploreCell.swift; sourceTree = "<group>"; };
		CFD40B0825C7D4CA0082EC0A /* image8.jpg */ = {isa = PBXFileReference; lastKnownFileType = image.jpeg; path = image8.jpg; sourceTree = "<group>"; };
		CFD40B0925C7D4CA0082EC0A /* image9.jpg */ = {isa = PBXFileReference; lastKnownFileType = image.jpeg; path = image9.jpg; sourceTree = "<group>"; };
		CFD40B0A25C7D4CA0082EC0A /* image14.jpg */ = {isa = PBXFileReference; lastKnownFileType = image.jpeg; path = image14.jpg; sourceTree = "<group>"; };
		CFD40B0B25C7D4CA0082EC0A /* image15.jpg */ = {isa = PBXFileReference; lastKnownFileType = image.jpeg; path = image15.jpg; sourceTree = "<group>"; };
		CFD40B0C25C7D4CA0082EC0A /* image17.jpg */ = {isa = PBXFileReference; lastKnownFileType = image.jpeg; path = image17.jpg; sourceTree = "<group>"; };
		CFD40B0D25C7D4CA0082EC0A /* image16.jpg */ = {isa = PBXFileReference; lastKnownFileType = image.jpeg; path = image16.jpg; sourceTree = "<group>"; };
		CFD40B0E25C7D4CA0082EC0A /* image12.jpg */ = {isa = PBXFileReference; lastKnownFileType = image.jpeg; path = image12.jpg; sourceTree = "<group>"; };
		CFD40B0F25C7D4CA0082EC0A /* image13.jpg */ = {isa = PBXFileReference; lastKnownFileType = image.jpeg; path = image13.jpg; sourceTree = "<group>"; };
		CFD40B1025C7D4CA0082EC0A /* image11.jpg */ = {isa = PBXFileReference; lastKnownFileType = image.jpeg; path = image11.jpg; sourceTree = "<group>"; };
		CFD40B1125C7D4CA0082EC0A /* image10.jpg */ = {isa = PBXFileReference; lastKnownFileType = image.jpeg; path = image10.jpg; sourceTree = "<group>"; };
		CFD40B1225C7D4CA0082EC0A /* image20.jpg */ = {isa = PBXFileReference; lastKnownFileType = image.jpeg; path = image20.jpg; sourceTree = "<group>"; };
		CFD40B1325C7D4CA0082EC0A /* image18.jpg */ = {isa = PBXFileReference; lastKnownFileType = image.jpeg; path = image18.jpg; sourceTree = "<group>"; };
		CFD40B1425C7D4CA0082EC0A /* image19.jpg */ = {isa = PBXFileReference; lastKnownFileType = image.jpeg; path = image19.jpg; sourceTree = "<group>"; };
		CFD40B1525C7D4CA0082EC0A /* image7.jpg */ = {isa = PBXFileReference; lastKnownFileType = image.jpeg; path = image7.jpg; sourceTree = "<group>"; };
		CFD40B1625C7D4CA0082EC0A /* image6.jpg */ = {isa = PBXFileReference; lastKnownFileType = image.jpeg; path = image6.jpg; sourceTree = "<group>"; };
		CFD40B1725C7D4CA0082EC0A /* image4.jpg */ = {isa = PBXFileReference; lastKnownFileType = image.jpeg; path = image4.jpg; sourceTree = "<group>"; };
		CFD40B1825C7D4CA0082EC0A /* image5.jpg */ = {isa = PBXFileReference; lastKnownFileType = image.jpeg; path = image5.jpg; sourceTree = "<group>"; };
		CFD40B1925C7D4CA0082EC0A /* image1.jpg */ = {isa = PBXFileReference; lastKnownFileType = image.jpeg; path = image1.jpg; sourceTree = "<group>"; };
		CFD40B1A25C7D4CA0082EC0A /* image2.jpg */ = {isa = PBXFileReference; lastKnownFileType = image.jpeg; path = image2.jpg; sourceTree = "<group>"; };
		CFD40B1B25C7D4CA0082EC0A /* image3.jpg */ = {isa = PBXFileReference; lastKnownFileType = image.jpeg; path = image3.jpg; sourceTree = "<group>"; };
		CFEBE87325C1E361004CC466 /* snip.app */ = {isa = PBXFileReference; explicitFileType = wrapper.application; includeInIndex = 0; path = snip.app; sourceTree = BUILT_PRODUCTS_DIR; };
		CFEBE87625C1E361004CC466 /* AppDelegate.swift */ = {isa = PBXFileReference; lastKnownFileType = sourcecode.swift; path = AppDelegate.swift; sourceTree = "<group>"; };
		CFEBE87825C1E361004CC466 /* SceneDelegate.swift */ = {isa = PBXFileReference; lastKnownFileType = sourcecode.swift; path = SceneDelegate.swift; sourceTree = "<group>"; };
		CFEBE87A25C1E361004CC466 /* MainVC.swift */ = {isa = PBXFileReference; lastKnownFileType = sourcecode.swift; path = MainVC.swift; sourceTree = "<group>"; };
		CFEBE87D25C1E361004CC466 /* Base */ = {isa = PBXFileReference; lastKnownFileType = file.storyboard; name = Base; path = Base.lproj/Main.storyboard; sourceTree = "<group>"; };
		CFEBE87F25C1E362004CC466 /* Assets.xcassets */ = {isa = PBXFileReference; lastKnownFileType = folder.assetcatalog; path = Assets.xcassets; sourceTree = "<group>"; };
		CFEBE88225C1E362004CC466 /* Base */ = {isa = PBXFileReference; lastKnownFileType = file.storyboard; name = Base; path = Base.lproj/LaunchScreen.storyboard; sourceTree = "<group>"; };
		CFEBE88425C1E362004CC466 /* Info.plist */ = {isa = PBXFileReference; lastKnownFileType = text.plist.xml; path = Info.plist; sourceTree = "<group>"; };
		CFEBE88925C1E363004CC466 /* snipTests.xctest */ = {isa = PBXFileReference; explicitFileType = wrapper.cfbundle; includeInIndex = 0; path = snipTests.xctest; sourceTree = BUILT_PRODUCTS_DIR; };
		CFEBE88D25C1E363004CC466 /* snipTests.swift */ = {isa = PBXFileReference; lastKnownFileType = sourcecode.swift; path = snipTests.swift; sourceTree = "<group>"; };
		CFEBE88F25C1E363004CC466 /* Info.plist */ = {isa = PBXFileReference; lastKnownFileType = text.plist.xml; path = Info.plist; sourceTree = "<group>"; };
		CFEBE89425C1E363004CC466 /* snipUITests.xctest */ = {isa = PBXFileReference; explicitFileType = wrapper.cfbundle; includeInIndex = 0; path = snipUITests.xctest; sourceTree = BUILT_PRODUCTS_DIR; };
		CFEBE89825C1E363004CC466 /* snipUITests.swift */ = {isa = PBXFileReference; lastKnownFileType = sourcecode.swift; path = snipUITests.swift; sourceTree = "<group>"; };
		CFEBE89A25C1E363004CC466 /* Info.plist */ = {isa = PBXFileReference; lastKnownFileType = text.plist.xml; path = Info.plist; sourceTree = "<group>"; };
		CFEBE8A925C1E727004CC466 /* SignUpVC.swift */ = {isa = PBXFileReference; lastKnownFileType = sourcecode.swift; path = SignUpVC.swift; sourceTree = "<group>"; };
		CFEBE8AE25C1E737004CC466 /* LoginVC.swift */ = {isa = PBXFileReference; lastKnownFileType = sourcecode.swift; path = LoginVC.swift; sourceTree = "<group>"; };
/* End PBXFileReference section */

/* Begin PBXFrameworksBuildPhase section */
		CFEBE87025C1E361004CC466 /* Frameworks */ = {
			isa = PBXFrameworksBuildPhase;
			buildActionMask = 2147483647;
			files = (
			);
			runOnlyForDeploymentPostprocessing = 0;
		};
		CFEBE88625C1E363004CC466 /* Frameworks */ = {
			isa = PBXFrameworksBuildPhase;
			buildActionMask = 2147483647;
			files = (
			);
			runOnlyForDeploymentPostprocessing = 0;
		};
		CFEBE89125C1E363004CC466 /* Frameworks */ = {
			isa = PBXFrameworksBuildPhase;
			buildActionMask = 2147483647;
			files = (
			);
			runOnlyForDeploymentPostprocessing = 0;
		};
/* End PBXFrameworksBuildPhase section */

/* Begin PBXGroup section */
		CF3EDAE825C370CC00D16CCF /* Products */ = {
			isa = PBXGroup;
			children = (
				CF3EDAEE25C370CC00D16CCF /* product1.png */,
				CF3EDAEC25C370CC00D16CCF /* product2.png */,
				CF3EDAED25C370CC00D16CCF /* product3.png */,
				CF3EDAEF25C370CC00D16CCF /* product4.png */,
				CF3EDAF025C370CC00D16CCF /* product5.png */,
				CF3EDAF225C370CC00D16CCF /* product6.png */,
				CF3EDAF125C370CC00D16CCF /* product7.png */,
				CF3EDAE925C370CC00D16CCF /* product8.png */,
				CF3EDAEA25C370CC00D16CCF /* product9.png */,
				CF3EDAEB25C370CC00D16CCF /* product10.png */,
			);
			path = Products;
			sourceTree = "<group>";
		};
		CFD40A5B25C751FB0082EC0A /* Controller */ = {
			isa = PBXGroup;
			children = (
				CFEBE87A25C1E361004CC466 /* MainVC.swift */,
				CFEBE8A925C1E727004CC466 /* SignUpVC.swift */,
				CF3EDAC425C3215300D16CCF /* Survey1VC.swift */,
				CF3EDAC925C3222000D16CCF /* Survey3VC.swift */,
				CF3EDAB725C3080900D16CCF /* HomeVC.swift */,
				CFEBE8AE25C1E737004CC466 /* LoginVC.swift */,
				CFD40A6725C7B2220082EC0A /* ExploreVC.swift */,
			);
			path = Controller;
			sourceTree = "<group>";
		};
		CFD40A5C25C7520C0082EC0A /* View */ = {
			isa = PBXGroup;
			children = (
				CF3EDABC25C30D3400D16CCF /* HomeCell.swift */,
				CFD40A6C25C7B2800082EC0A /* ExploreCell.swift */,
			);
			path = View;
			sourceTree = "<group>";
		};
		CFD40A5D25C7521C0082EC0A /* Model */ = {
			isa = PBXGroup;
			children = (
				CF3EDACE25C33F3A00D16CCF /* Product.swift */,
				CF3EDAD325C3409400D16CCF /* Products.swift */,
			);
			path = Model;
			sourceTree = "<group>";
		};
		CFD40B0725C7D4CA0082EC0A /* Images */ = {
			isa = PBXGroup;
			children = (
				CFD40B0825C7D4CA0082EC0A /* image8.jpg */,
				CFD40B0925C7D4CA0082EC0A /* image9.jpg */,
				CFD40B0A25C7D4CA0082EC0A /* image14.jpg */,
				CFD40B0B25C7D4CA0082EC0A /* image15.jpg */,
				CFD40B0C25C7D4CA0082EC0A /* image17.jpg */,
				CFD40B0D25C7D4CA0082EC0A /* image16.jpg */,
				CFD40B0E25C7D4CA0082EC0A /* image12.jpg */,
				CFD40B0F25C7D4CA0082EC0A /* image13.jpg */,
				CFD40B1025C7D4CA0082EC0A /* image11.jpg */,
				CFD40B1125C7D4CA0082EC0A /* image10.jpg */,
				CFD40B1225C7D4CA0082EC0A /* image20.jpg */,
				CFD40B1325C7D4CA0082EC0A /* image18.jpg */,
				CFD40B1425C7D4CA0082EC0A /* image19.jpg */,
				CFD40B1525C7D4CA0082EC0A /* image7.jpg */,
				CFD40B1625C7D4CA0082EC0A /* image6.jpg */,
				CFD40B1725C7D4CA0082EC0A /* image4.jpg */,
				CFD40B1825C7D4CA0082EC0A /* image5.jpg */,
				CFD40B1925C7D4CA0082EC0A /* image1.jpg */,
				CFD40B1A25C7D4CA0082EC0A /* image2.jpg */,
				CFD40B1B25C7D4CA0082EC0A /* image3.jpg */,
			);
			path = Images;
			sourceTree = "<group>";
		};
		CFEBE86A25C1E361004CC466 = {
			isa = PBXGroup;
			children = (
				CFEBE87525C1E361004CC466 /* snip */,
				CFEBE88C25C1E363004CC466 /* snipTests */,
				CFEBE89725C1E363004CC466 /* snipUITests */,
				CFEBE87425C1E361004CC466 /* Products */,
			);
			sourceTree = "<group>";
		};
		CFEBE87425C1E361004CC466 /* Products */ = {
			isa = PBXGroup;
			children = (
				CFEBE87325C1E361004CC466 /* snip.app */,
				CFEBE88925C1E363004CC466 /* snipTests.xctest */,
				CFEBE89425C1E363004CC466 /* snipUITests.xctest */,
			);
			name = Products;
			sourceTree = "<group>";
		};
		CFEBE87525C1E361004CC466 /* snip */ = {
			isa = PBXGroup;
			children = (
				CFD40A5D25C7521C0082EC0A /* Model */,
				CFD40A5C25C7520C0082EC0A /* View */,
				CFD40A5B25C751FB0082EC0A /* Controller */,
				CFEBE87625C1E361004CC466 /* AppDelegate.swift */,
				CFEBE87825C1E361004CC466 /* SceneDelegate.swift */,
				CF3EDAE325C357D900D16CCF /* products.json */,
				CFEBE87C25C1E361004CC466 /* Main.storyboard */,
				CFEBE87F25C1E362004CC466 /* Assets.xcassets */,
				CFEBE88125C1E362004CC466 /* LaunchScreen.storyboard */,
				CFEBE88425C1E362004CC466 /* Info.plist */,
				CFD40B0725C7D4CA0082EC0A /* Images */,
				CF3EDAE825C370CC00D16CCF /* Products */,
			);
			path = snip;
			sourceTree = "<group>";
		};
		CFEBE88C25C1E363004CC466 /* snipTests */ = {
			isa = PBXGroup;
			children = (
				CFEBE88D25C1E363004CC466 /* snipTests.swift */,
				CFEBE88F25C1E363004CC466 /* Info.plist */,
			);
			path = snipTests;
			sourceTree = "<group>";
		};
		CFEBE89725C1E363004CC466 /* snipUITests */ = {
			isa = PBXGroup;
			children = (
				CFEBE89825C1E363004CC466 /* snipUITests.swift */,
				CFEBE89A25C1E363004CC466 /* Info.plist */,
			);
			path = snipUITests;
			sourceTree = "<group>";
		};
/* End PBXGroup section */

/* Begin PBXNativeTarget section */
		CFEBE87225C1E361004CC466 /* snip */ = {
			isa = PBXNativeTarget;
			buildConfigurationList = CFEBE89D25C1E363004CC466 /* Build configuration list for PBXNativeTarget "snip" */;
			buildPhases = (
				CFEBE86F25C1E361004CC466 /* Sources */,
				CFEBE87025C1E361004CC466 /* Frameworks */,
				CFEBE87125C1E361004CC466 /* Resources */,
			);
			buildRules = (
			);
			dependencies = (
			);
			name = snip;
			productName = snip;
			productReference = CFEBE87325C1E361004CC466 /* snip.app */;
			productType = "com.apple.product-type.application";
		};
		CFEBE88825C1E363004CC466 /* snipTests */ = {
			isa = PBXNativeTarget;
			buildConfigurationList = CFEBE8A025C1E363004CC466 /* Build configuration list for PBXNativeTarget "snipTests" */;
			buildPhases = (
				CFEBE88525C1E363004CC466 /* Sources */,
				CFEBE88625C1E363004CC466 /* Frameworks */,
				CFEBE88725C1E363004CC466 /* Resources */,
			);
			buildRules = (
			);
			dependencies = (
				CFEBE88B25C1E363004CC466 /* PBXTargetDependency */,
			);
			name = snipTests;
			productName = snipTests;
			productReference = CFEBE88925C1E363004CC466 /* snipTests.xctest */;
			productType = "com.apple.product-type.bundle.unit-test";
		};
		CFEBE89325C1E363004CC466 /* snipUITests */ = {
			isa = PBXNativeTarget;
			buildConfigurationList = CFEBE8A325C1E363004CC466 /* Build configuration list for PBXNativeTarget "snipUITests" */;
			buildPhases = (
				CFEBE89025C1E363004CC466 /* Sources */,
				CFEBE89125C1E363004CC466 /* Frameworks */,
				CFEBE89225C1E363004CC466 /* Resources */,
			);
			buildRules = (
			);
			dependencies = (
				CFEBE89625C1E363004CC466 /* PBXTargetDependency */,
			);
			name = snipUITests;
			productName = snipUITests;
			productReference = CFEBE89425C1E363004CC466 /* snipUITests.xctest */;
			productType = "com.apple.product-type.bundle.ui-testing";
		};
/* End PBXNativeTarget section */

/* Begin PBXProject section */
		CFEBE86B25C1E361004CC466 /* Project object */ = {
			isa = PBXProject;
			attributes = {
				LastSwiftUpdateCheck = 1230;
				LastUpgradeCheck = 1230;
				TargetAttributes = {
					CFEBE87225C1E361004CC466 = {
						CreatedOnToolsVersion = 12.3;
					};
					CFEBE88825C1E363004CC466 = {
						CreatedOnToolsVersion = 12.3;
						TestTargetID = CFEBE87225C1E361004CC466;
					};
					CFEBE89325C1E363004CC466 = {
						CreatedOnToolsVersion = 12.3;
						TestTargetID = CFEBE87225C1E361004CC466;
					};
				};
			};
			buildConfigurationList = CFEBE86E25C1E361004CC466 /* Build configuration list for PBXProject "snip" */;
			compatibilityVersion = "Xcode 9.3";
			developmentRegion = en;
			hasScannedForEncodings = 0;
			knownRegions = (
				en,
				Base,
			);
			mainGroup = CFEBE86A25C1E361004CC466;
			productRefGroup = CFEBE87425C1E361004CC466 /* Products */;
			projectDirPath = "";
			projectRoot = "";
			targets = (
				CFEBE87225C1E361004CC466 /* snip */,
				CFEBE88825C1E363004CC466 /* snipTests */,
				CFEBE89325C1E363004CC466 /* snipUITests */,
			);
		};
/* End PBXProject section */

/* Begin PBXResourcesBuildPhase section */
		CFEBE87125C1E361004CC466 /* Resources */ = {
			isa = PBXResourcesBuildPhase;
			buildActionMask = 2147483647;
			files = (
				CFD40B2725C7D4CA0082EC0A /* image18.jpg in Resources */,
				CFEBE88325C1E362004CC466 /* LaunchScreen.storyboard in Resources */,
				CFD40B2625C7D4CA0082EC0A /* image20.jpg in Resources */,
				CFD40B1C25C7D4CA0082EC0A /* image8.jpg in Resources */,
				CF3EDAE425C357D900D16CCF /* products.json in Resources */,
				CFD40B2325C7D4CA0082EC0A /* image13.jpg in Resources */,
				CF3EDAF925C370CC00D16CCF /* product4.png in Resources */,
				CF3EDAF625C370CC00D16CCF /* product2.png in Resources */,
				CFD40B2225C7D4CA0082EC0A /* image12.jpg in Resources */,
				CFD40B1F25C7D4CA0082EC0A /* image15.jpg in Resources */,
				CFD40B1D25C7D4CA0082EC0A /* image9.jpg in Resources */,
				CF3EDAFB25C370CC00D16CCF /* product7.png in Resources */,
				CF3EDAF525C370CC00D16CCF /* product10.png in Resources */,
				CFD40B2D25C7D4CA0082EC0A /* image1.jpg in Resources */,
				CF3EDAFA25C370CC00D16CCF /* product5.png in Resources */,
				CF3EDAF325C370CC00D16CCF /* product8.png in Resources */,
				CFD40B2925C7D4CA0082EC0A /* image7.jpg in Resources */,
				CFD40B2025C7D4CA0082EC0A /* image17.jpg in Resources */,
				CFD40B2525C7D4CA0082EC0A /* image10.jpg in Resources */,
				CFD40B2125C7D4CA0082EC0A /* image16.jpg in Resources */,
				CFD40B2425C7D4CA0082EC0A /* image11.jpg in Resources */,
				CF3EDAF725C370CC00D16CCF /* product3.png in Resources */,
				CFD40B2E25C7D4CA0082EC0A /* image2.jpg in Resources */,
				CFD40B2C25C7D4CA0082EC0A /* image5.jpg in Resources */,
				CFD40B2825C7D4CA0082EC0A /* image19.jpg in Resources */,
				CFD40B2F25C7D4CA0082EC0A /* image3.jpg in Resources */,
				CFEBE88025C1E362004CC466 /* Assets.xcassets in Resources */,
				CF3EDAFC25C370CC00D16CCF /* product6.png in Resources */,
				CF3EDAF825C370CC00D16CCF /* product1.png in Resources */,
				CFEBE87E25C1E361004CC466 /* Main.storyboard in Resources */,
				CFD40B2B25C7D4CA0082EC0A /* image4.jpg in Resources */,
				CFD40B2A25C7D4CA0082EC0A /* image6.jpg in Resources */,
				CFD40B1E25C7D4CA0082EC0A /* image14.jpg in Resources */,
				CF3EDAF425C370CC00D16CCF /* product9.png in Resources */,
			);
			runOnlyForDeploymentPostprocessing = 0;
		};
		CFEBE88725C1E363004CC466 /* Resources */ = {
			isa = PBXResourcesBuildPhase;
			buildActionMask = 2147483647;
			files = (
			);
			runOnlyForDeploymentPostprocessing = 0;
		};
		CFEBE89225C1E363004CC466 /* Resources */ = {
			isa = PBXResourcesBuildPhase;
			buildActionMask = 2147483647;
			files = (
			);
			runOnlyForDeploymentPostprocessing = 0;
		};
/* End PBXResourcesBuildPhase section */

/* Begin PBXSourcesBuildPhase section */
		CFEBE86F25C1E361004CC466 /* Sources */ = {
			isa = PBXSourcesBuildPhase;
			buildActionMask = 2147483647;
			files = (
				CF3EDABD25C30D3400D16CCF /* HomeCell.swift in Sources */,
				CF3EDAD425C3409400D16CCF /* Products.swift in Sources */,
				CF3EDAB825C3080A00D16CCF /* HomeVC.swift in Sources */,
				CFD40A6D25C7B2800082EC0A /* ExploreCell.swift in Sources */,
				CF3EDAC525C3215300D16CCF /* Survey1VC.swift in Sources */,
				CFEBE8AA25C1E727004CC466 /* SignUpVC.swift in Sources */,
				CF3EDACA25C3222000D16CCF /* Survey3VC.swift in Sources */,
				CFD40A6825C7B2230082EC0A /* ExploreVC.swift in Sources */,
				CFEBE87B25C1E361004CC466 /* MainVC.swift in Sources */,
				CFEBE87725C1E361004CC466 /* AppDelegate.swift in Sources */,
				CF3EDACF25C33F3A00D16CCF /* Product.swift in Sources */,
				CFEBE87925C1E361004CC466 /* SceneDelegate.swift in Sources */,
				CFEBE8AF25C1E737004CC466 /* LoginVC.swift in Sources */,
			);
			runOnlyForDeploymentPostprocessing = 0;
		};
		CFEBE88525C1E363004CC466 /* Sources */ = {
			isa = PBXSourcesBuildPhase;
			buildActionMask = 2147483647;
			files = (
				CFEBE88E25C1E363004CC466 /* snipTests.swift in Sources */,
			);
			runOnlyForDeploymentPostprocessing = 0;
		};
		CFEBE89025C1E363004CC466 /* Sources */ = {
			isa = PBXSourcesBuildPhase;
			buildActionMask = 2147483647;
			files = (
				CFEBE89925C1E363004CC466 /* snipUITests.swift in Sources */,
			);
			runOnlyForDeploymentPostprocessing = 0;
		};
/* End PBXSourcesBuildPhase section */

/* Begin PBXTargetDependency section */
		CFEBE88B25C1E363004CC466 /* PBXTargetDependency */ = {
			isa = PBXTargetDependency;
			target = CFEBE87225C1E361004CC466 /* snip */;
			targetProxy = CFEBE88A25C1E363004CC466 /* PBXContainerItemProxy */;
		};
		CFEBE89625C1E363004CC466 /* PBXTargetDependency */ = {
			isa = PBXTargetDependency;
			target = CFEBE87225C1E361004CC466 /* snip */;
			targetProxy = CFEBE89525C1E363004CC466 /* PBXContainerItemProxy */;
		};
/* End PBXTargetDependency section */

/* Begin PBXVariantGroup section */
		CFEBE87C25C1E361004CC466 /* Main.storyboard */ = {
			isa = PBXVariantGroup;
			children = (
				CFEBE87D25C1E361004CC466 /* Base */,
			);
			name = Main.storyboard;
			sourceTree = "<group>";
		};
		CFEBE88125C1E362004CC466 /* LaunchScreen.storyboard */ = {
			isa = PBXVariantGroup;
			children = (
				CFEBE88225C1E362004CC466 /* Base */,
			);
			name = LaunchScreen.storyboard;
			sourceTree = "<group>";
		};
/* End PBXVariantGroup section */

/* Begin XCBuildConfiguration section */
		CFEBE89B25C1E363004CC466 /* Debug */ = {
			isa = XCBuildConfiguration;
			buildSettings = {
				ALWAYS_SEARCH_USER_PATHS = NO;
				CLANG_ANALYZER_NONNULL = YES;
				CLANG_ANALYZER_NUMBER_OBJECT_CONVERSION = YES_AGGRESSIVE;
				CLANG_CXX_LANGUAGE_STANDARD = "gnu++14";
				CLANG_CXX_LIBRARY = "libc++";
				CLANG_ENABLE_MODULES = YES;
				CLANG_ENABLE_OBJC_ARC = YES;
				CLANG_ENABLE_OBJC_WEAK = YES;
				CLANG_WARN_BLOCK_CAPTURE_AUTORELEASING = YES;
				CLANG_WARN_BOOL_CONVERSION = YES;
				CLANG_WARN_COMMA = YES;
				CLANG_WARN_CONSTANT_CONVERSION = YES;
				CLANG_WARN_DEPRECATED_OBJC_IMPLEMENTATIONS = YES;
				CLANG_WARN_DIRECT_OBJC_ISA_USAGE = YES_ERROR;
				CLANG_WARN_DOCUMENTATION_COMMENTS = YES;
				CLANG_WARN_EMPTY_BODY = YES;
				CLANG_WARN_ENUM_CONVERSION = YES;
				CLANG_WARN_INFINITE_RECURSION = YES;
				CLANG_WARN_INT_CONVERSION = YES;
				CLANG_WARN_NON_LITERAL_NULL_CONVERSION = YES;
				CLANG_WARN_OBJC_IMPLICIT_RETAIN_SELF = YES;
				CLANG_WARN_OBJC_LITERAL_CONVERSION = YES;
				CLANG_WARN_OBJC_ROOT_CLASS = YES_ERROR;
				CLANG_WARN_QUOTED_INCLUDE_IN_FRAMEWORK_HEADER = YES;
				CLANG_WARN_RANGE_LOOP_ANALYSIS = YES;
				CLANG_WARN_STRICT_PROTOTYPES = YES;
				CLANG_WARN_SUSPICIOUS_MOVE = YES;
				CLANG_WARN_UNGUARDED_AVAILABILITY = YES_AGGRESSIVE;
				CLANG_WARN_UNREACHABLE_CODE = YES;
				CLANG_WARN__DUPLICATE_METHOD_MATCH = YES;
				COPY_PHASE_STRIP = NO;
				DEBUG_INFORMATION_FORMAT = dwarf;
				ENABLE_STRICT_OBJC_MSGSEND = YES;
				ENABLE_TESTABILITY = YES;
				GCC_C_LANGUAGE_STANDARD = gnu11;
				GCC_DYNAMIC_NO_PIC = NO;
				GCC_NO_COMMON_BLOCKS = YES;
				GCC_OPTIMIZATION_LEVEL = 0;
				GCC_PREPROCESSOR_DEFINITIONS = (
					"DEBUG=1",
					"$(inherited)",
				);
				GCC_WARN_64_TO_32_BIT_CONVERSION = YES;
				GCC_WARN_ABOUT_RETURN_TYPE = YES_ERROR;
				GCC_WARN_UNDECLARED_SELECTOR = YES;
				GCC_WARN_UNINITIALIZED_AUTOS = YES_AGGRESSIVE;
				GCC_WARN_UNUSED_FUNCTION = YES;
				GCC_WARN_UNUSED_VARIABLE = YES;
				IPHONEOS_DEPLOYMENT_TARGET = 14.3;
				MTL_ENABLE_DEBUG_INFO = INCLUDE_SOURCE;
				MTL_FAST_MATH = YES;
				ONLY_ACTIVE_ARCH = YES;
				SDKROOT = iphoneos;
				SWIFT_ACTIVE_COMPILATION_CONDITIONS = DEBUG;
				SWIFT_OPTIMIZATION_LEVEL = "-Onone";
			};
			name = Debug;
		};
		CFEBE89C25C1E363004CC466 /* Release */ = {
			isa = XCBuildConfiguration;
			buildSettings = {
				ALWAYS_SEARCH_USER_PATHS = NO;
				CLANG_ANALYZER_NONNULL = YES;
				CLANG_ANALYZER_NUMBER_OBJECT_CONVERSION = YES_AGGRESSIVE;
				CLANG_CXX_LANGUAGE_STANDARD = "gnu++14";
				CLANG_CXX_LIBRARY = "libc++";
				CLANG_ENABLE_MODULES = YES;
				CLANG_ENABLE_OBJC_ARC = YES;
				CLANG_ENABLE_OBJC_WEAK = YES;
				CLANG_WARN_BLOCK_CAPTURE_AUTORELEASING = YES;
				CLANG_WARN_BOOL_CONVERSION = YES;
				CLANG_WARN_COMMA = YES;
				CLANG_WARN_CONSTANT_CONVERSION = YES;
				CLANG_WARN_DEPRECATED_OBJC_IMPLEMENTATIONS = YES;
				CLANG_WARN_DIRECT_OBJC_ISA_USAGE = YES_ERROR;
				CLANG_WARN_DOCUMENTATION_COMMENTS = YES;
				CLANG_WARN_EMPTY_BODY = YES;
				CLANG_WARN_ENUM_CONVERSION = YES;
				CLANG_WARN_INFINITE_RECURSION = YES;
				CLANG_WARN_INT_CONVERSION = YES;
				CLANG_WARN_NON_LITERAL_NULL_CONVERSION = YES;
				CLANG_WARN_OBJC_IMPLICIT_RETAIN_SELF = YES;
				CLANG_WARN_OBJC_LITERAL_CONVERSION = YES;
				CLANG_WARN_OBJC_ROOT_CLASS = YES_ERROR;
				CLANG_WARN_QUOTED_INCLUDE_IN_FRAMEWORK_HEADER = YES;
				CLANG_WARN_RANGE_LOOP_ANALYSIS = YES;
				CLANG_WARN_STRICT_PROTOTYPES = YES;
				CLANG_WARN_SUSPICIOUS_MOVE = YES;
				CLANG_WARN_UNGUARDED_AVAILABILITY = YES_AGGRESSIVE;
				CLANG_WARN_UNREACHABLE_CODE = YES;
				CLANG_WARN__DUPLICATE_METHOD_MATCH = YES;
				COPY_PHASE_STRIP = NO;
				DEBUG_INFORMATION_FORMAT = "dwarf-with-dsym";
				ENABLE_NS_ASSERTIONS = NO;
				ENABLE_STRICT_OBJC_MSGSEND = YES;
				GCC_C_LANGUAGE_STANDARD = gnu11;
				GCC_NO_COMMON_BLOCKS = YES;
				GCC_WARN_64_TO_32_BIT_CONVERSION = YES;
				GCC_WARN_ABOUT_RETURN_TYPE = YES_ERROR;
				GCC_WARN_UNDECLARED_SELECTOR = YES;
				GCC_WARN_UNINITIALIZED_AUTOS = YES_AGGRESSIVE;
				GCC_WARN_UNUSED_FUNCTION = YES;
				GCC_WARN_UNUSED_VARIABLE = YES;
				IPHONEOS_DEPLOYMENT_TARGET = 14.3;
				MTL_ENABLE_DEBUG_INFO = NO;
				MTL_FAST_MATH = YES;
				SDKROOT = iphoneos;
				SWIFT_COMPILATION_MODE = wholemodule;
				SWIFT_OPTIMIZATION_LEVEL = "-O";
				VALIDATE_PRODUCT = YES;
			};
			name = Release;
		};
		CFEBE89E25C1E363004CC466 /* Debug */ = {
			isa = XCBuildConfiguration;
			buildSettings = {
				ASSETCATALOG_COMPILER_APPICON_NAME = AppIcon;
				ASSETCATALOG_COMPILER_GLOBAL_ACCENT_COLOR_NAME = AccentColor;
				CODE_SIGN_STYLE = Automatic;
				INFOPLIST_FILE = snip/Info.plist;
				LD_RUNPATH_SEARCH_PATHS = (
					"$(inherited)",
					"@executable_path/Frameworks",
				);
				PRODUCT_BUNDLE_IDENTIFIER = com.snip.snip;
				PRODUCT_NAME = "$(TARGET_NAME)";
				SWIFT_VERSION = 5.0;
				TARGETED_DEVICE_FAMILY = "1,2";
			};
			name = Debug;
		};
		CFEBE89F25C1E363004CC466 /* Release */ = {
			isa = XCBuildConfiguration;
			buildSettings = {
				ASSETCATALOG_COMPILER_APPICON_NAME = AppIcon;
				ASSETCATALOG_COMPILER_GLOBAL_ACCENT_COLOR_NAME = AccentColor;
				CODE_SIGN_STYLE = Automatic;
				INFOPLIST_FILE = snip/Info.plist;
				LD_RUNPATH_SEARCH_PATHS = (
					"$(inherited)",
					"@executable_path/Frameworks",
				);
				PRODUCT_BUNDLE_IDENTIFIER = com.snip.snip;
				PRODUCT_NAME = "$(TARGET_NAME)";
				SWIFT_VERSION = 5.0;
				TARGETED_DEVICE_FAMILY = "1,2";
			};
			name = Release;
		};
		CFEBE8A125C1E363004CC466 /* Debug */ = {
			isa = XCBuildConfiguration;
			buildSettings = {
				ALWAYS_EMBED_SWIFT_STANDARD_LIBRARIES = YES;
				BUNDLE_LOADER = "$(TEST_HOST)";
				CODE_SIGN_STYLE = Automatic;
				INFOPLIST_FILE = snipTests/Info.plist;
				IPHONEOS_DEPLOYMENT_TARGET = 14.3;
				LD_RUNPATH_SEARCH_PATHS = (
					"$(inherited)",
					"@executable_path/Frameworks",
					"@loader_path/Frameworks",
				);
				PRODUCT_BUNDLE_IDENTIFIER = com.snip.snipTests;
				PRODUCT_NAME = "$(TARGET_NAME)";
				SWIFT_VERSION = 5.0;
				TARGETED_DEVICE_FAMILY = "1,2";
				TEST_HOST = "$(BUILT_PRODUCTS_DIR)/snip.app/snip";
			};
			name = Debug;
		};
		CFEBE8A225C1E363004CC466 /* Release */ = {
			isa = XCBuildConfiguration;
			buildSettings = {
				ALWAYS_EMBED_SWIFT_STANDARD_LIBRARIES = YES;
				BUNDLE_LOADER = "$(TEST_HOST)";
				CODE_SIGN_STYLE = Automatic;
				INFOPLIST_FILE = snipTests/Info.plist;
				IPHONEOS_DEPLOYMENT_TARGET = 14.3;
				LD_RUNPATH_SEARCH_PATHS = (
					"$(inherited)",
					"@executable_path/Frameworks",
					"@loader_path/Frameworks",
				);
				PRODUCT_BUNDLE_IDENTIFIER = com.snip.snipTests;
				PRODUCT_NAME = "$(TARGET_NAME)";
				SWIFT_VERSION = 5.0;
				TARGETED_DEVICE_FAMILY = "1,2";
				TEST_HOST = "$(BUILT_PRODUCTS_DIR)/snip.app/snip";
			};
			name = Release;
		};
		CFEBE8A425C1E363004CC466 /* Debug */ = {
			isa = XCBuildConfiguration;
			buildSettings = {
				ALWAYS_EMBED_SWIFT_STANDARD_LIBRARIES = YES;
				CODE_SIGN_STYLE = Automatic;
				INFOPLIST_FILE = snipUITests/Info.plist;
				LD_RUNPATH_SEARCH_PATHS = (
					"$(inherited)",
					"@executable_path/Frameworks",
					"@loader_path/Frameworks",
				);
				PRODUCT_BUNDLE_IDENTIFIER = com.snip.snipUITests;
				PRODUCT_NAME = "$(TARGET_NAME)";
				SWIFT_VERSION = 5.0;
				TARGETED_DEVICE_FAMILY = "1,2";
				TEST_TARGET_NAME = snip;
			};
			name = Debug;
		};
		CFEBE8A525C1E363004CC466 /* Release */ = {
			isa = XCBuildConfiguration;
			buildSettings = {
				ALWAYS_EMBED_SWIFT_STANDARD_LIBRARIES = YES;
				CODE_SIGN_STYLE = Automatic;
				INFOPLIST_FILE = snipUITests/Info.plist;
				LD_RUNPATH_SEARCH_PATHS = (
					"$(inherited)",
					"@executable_path/Frameworks",
					"@loader_path/Frameworks",
				);
				PRODUCT_BUNDLE_IDENTIFIER = com.snip.snipUITests;
				PRODUCT_NAME = "$(TARGET_NAME)";
				SWIFT_VERSION = 5.0;
				TARGETED_DEVICE_FAMILY = "1,2";
				TEST_TARGET_NAME = snip;
			};
			name = Release;
		};
/* End XCBuildConfiguration section */

/* Begin XCConfigurationList section */
		CFEBE86E25C1E361004CC466 /* Build configuration list for PBXProject "snip" */ = {
			isa = XCConfigurationList;
			buildConfigurations = (
				CFEBE89B25C1E363004CC466 /* Debug */,
				CFEBE89C25C1E363004CC466 /* Release */,
			);
			defaultConfigurationIsVisible = 0;
			defaultConfigurationName = Release;
		};
		CFEBE89D25C1E363004CC466 /* Build configuration list for PBXNativeTarget "snip" */ = {
			isa = XCConfigurationList;
			buildConfigurations = (
				CFEBE89E25C1E363004CC466 /* Debug */,
				CFEBE89F25C1E363004CC466 /* Release */,
			);
			defaultConfigurationIsVisible = 0;
			defaultConfigurationName = Release;
		};
		CFEBE8A025C1E363004CC466 /* Build configuration list for PBXNativeTarget "snipTests" */ = {
			isa = XCConfigurationList;
			buildConfigurations = (
				CFEBE8A125C1E363004CC466 /* Debug */,
				CFEBE8A225C1E363004CC466 /* Release */,
			);
			defaultConfigurationIsVisible = 0;
			defaultConfigurationName = Release;
		};
		CFEBE8A325C1E363004CC466 /* Build configuration list for PBXNativeTarget "snipUITests" */ = {
			isa = XCConfigurationList;
			buildConfigurations = (
				CFEBE8A425C1E363004CC466 /* Debug */,
				CFEBE8A525C1E363004CC466 /* Release */,
			);
			defaultConfigurationIsVisible = 0;
			defaultConfigurationName = Release;
		};
/* End XCConfigurationList section */
	};
	rootObject = CFEBE86B25C1E361004CC466 /* Project object */;
}
